
Microsoft Visual Studio Solution File, Format Version 12.00
# Visual Studio Version 17
VisualStudioVersion = 17.0.31903.59
MinimumVisualStudioVersion = 10.0.40219.1
Project("{2150E333-8FDC-42A3-9474-1A3956D46DE8}") = "FootballBets", "FootballBets", "{9F812856-5A26-48AF-B65F-AB3066123CC4}"
EndProject
Project("{FAE04EC0-301F-11D3-BF4B-00C04F79EFBC}") = "FootballBets", "FootballBets\FootballBets\FootballBets.csproj", "{6A98D818-ACC7-40A3-BE3F-923474F0381F}"
EndProject
Project("{FAE04EC0-301F-11D3-BF4B-00C04F79EFBC}") = "FootballBets.Client", "FootballBets\FootballBets.Client\FootballBets.Client.csproj", "{7553FC68-383A-4DAA-B33C-B7D3EDD796DD}"
EndProject
Global
	GlobalSection(SolutionConfigurationPlatforms) = preSolution
		Debug|Any CPU = Debug|Any CPU
		Release|Any CPU = Release|Any CPU
	EndGlobalSection
	GlobalSection(SolutionProperties) = preSolution
		HideSolutionNode = FALSE
	EndGlobalSection
	GlobalSection(ProjectConfigurationPlatforms) = postSolution
		{6A98D818-ACC7-40A3-BE3F-923474F0381F}.Debug|Any CPU.ActiveCfg = Debug|Any CPU
		{6A98D818-ACC7-40A3-BE3F-923474F0381F}.Debug|Any CPU.Build.0 = Debug|Any CPU
		{6A98D818-ACC7-40A3-BE3F-923474F0381F}.Release|Any CPU.ActiveCfg = Release|Any CPU
		{6A98D818-ACC7-40A3-BE3F-923474F0381F}.Release|Any CPU.Build.0 = Release|Any CPU
		{7553FC68-383A-4DAA-B33C-B7D3EDD796DD}.Debug|Any CPU.ActiveCfg = Debug|Any CPU
		{7553FC68-383A-4DAA-B33C-B7D3EDD796DD}.Debug|Any CPU.Build.0 = Debug|Any CPU
		{7553FC68-383A-4DAA-B33C-B7D3EDD796DD}.Release|Any CPU.ActiveCfg = Release|Any CPU
		{7553FC68-383A-4DAA-B33C-B7D3EDD796DD}.Release|Any CPU.Build.0 = Release|Any CPU
	EndGlobalSection
	GlobalSection(NestedProjects) = preSolution
		{6A98D818-ACC7-40A3-BE3F-923474F0381F} = {9F812856-5A26-48AF-B65F-AB3066123CC4}
		{7553FC68-383A-4DAA-B33C-B7D3EDD796DD} = {9F812856-5A26-48AF-B65F-AB3066123CC4}
	EndGlobalSection
EndGlobal
